{
    "name": "trading-indicator",
    "version": "1.0.7",
    "lockfileVersion": 1,
    "requires": true,
    "dependencies": {
        "@types/node": {
            "version": "6.14.13",
            "resolved": "https://registry.npmjs.org/@types/node/-/node-6.14.13.tgz",
            "integrity": "sha512-J1F0XJ/9zxlZel5ZlbeSuHW2OpabrUAqpFuC2sm2I3by8sERQ8+KCjNKUcq8QHuzpGMWiJpo9ZxeHrqrP2KzQw=="
        },
        "ccxt": {
            "version": "1.73.17",
            "resolved": "https://registry.npmjs.org/ccxt/-/ccxt-1.73.17.tgz",
            "integrity": "sha512-Z6mvml5w749WftbgJTx6VefrGbK3ZPdvqHa8Gc+WSRzuBT5eWg/Y8QLr7Sy4l1Kr2Ut9ZRMq9eF1oEPHBk/QBg=="
        },
        "dotenv": {
            "version": "16.0.0",
            "resolved": "https://registry.npmjs.org/dotenv/-/dotenv-16.0.0.tgz",
            "integrity": "sha512-qD9WU0MPM4SWLPJy/r2Be+2WgQj8plChsyrCNQzW/0WjvcJQiKQJ9mH3ZgB3fxbUUxgc/11ZJ0Fi5KiimWGz2Q=="
        },
        "technicalindicators": {
            "version": "3.1.0",
            "resolved": "https://registry.npmjs.org/technicalindicators/-/technicalindicators-3.1.0.tgz",
            "integrity": "sha512-f16mOc+Y05hNy/of+UbGxhxQQmxUztCiluhsqC5QLUYz4WowUgKde9m6nIjK1Kay0wGHigT0IkOabpp0+22UfA==",
            "requires": {
                "@types/node": "^6.0.96"
            }
        }
    }
}
